// !$*UTF8*$!
{
	archiveVersion = 1;
	classes = {
	};
	objectVersion = 46;
	objects = {

/* Begin PBXBuildFile section */
		6ACACE961565921E00933197 /* UIKit.framework in Frameworks */ = {isa = PBXBuildFile; fileRef = 6ACACE951565921E00933197 /* UIKit.framework */; };
		6ACACE981565921E00933197 /* Foundation.framework in Frameworks */ = {isa = PBXBuildFile; fileRef = 6ACACE971565921E00933197 /* Foundation.framework */; };
		6ACACE9A1565921E00933197 /* CoreGraphics.framework in Frameworks */ = {isa = PBXBuildFile; fileRef = 6ACACE991565921E00933197 /* CoreGraphics.framework */; };
		6ACACEA01565921E00933197 /* InfoPlist.strings in Resources */ = {isa = PBXBuildFile; fileRef = 6ACACE9E1565921E00933197 /* InfoPlist.strings */; };
		6ACACEA21565921E00933197 /* main.m in Sources */ = {isa = PBXBuildFile; fileRef = 6ACACEA11565921E00933197 /* main.m */; };
		6ACACEA61565921E00933197 /* AppDelegate.m in Sources */ = {isa = PBXBuildFile; fileRef = 6ACACEA51565921E00933197 /* AppDelegate.m */; };
		6ACACEAE1565921E00933197 /* SenTestingKit.framework in Frameworks */ = {isa = PBXBuildFile; fileRef = 6ACACEAD1565921E00933197 /* SenTestingKit.framework */; };
		6ACACEAF1565921E00933197 /* UIKit.framework in Frameworks */ = {isa = PBXBuildFile; fileRef = 6ACACE951565921E00933197 /* UIKit.framework */; };
		6ACACEB01565921E00933197 /* Foundation.framework in Frameworks */ = {isa = PBXBuildFile; fileRef = 6ACACE971565921E00933197 /* Foundation.framework */; };
		6ACACEB81565921E00933197 /* InfoPlist.strings in Resources */ = {isa = PBXBuildFile; fileRef = 6ACACEB61565921E00933197 /* InfoPlist.strings */; };
		6ACACEBB1565921E00933197 /* QueueTests.m in Sources */ = {isa = PBXBuildFile; fileRef = 6ACACEBA1565921E00933197 /* QueueTests.m */; };
		6ACACEC61565923B00933197 /* DCQueue.m in Sources */ = {isa = PBXBuildFile; fileRef = 6ACACEC51565923B00933197 /* DCQueue.m */; };
/* End PBXBuildFile section */

/* Begin PBXContainerItemProxy section */
		6ACACEB11565921E00933197 /* PBXContainerItemProxy */ = {
			isa = PBXContainerItemProxy;
			containerPortal = 6ACACE881565921E00933197 /* Project object */;
			proxyType = 1;
			remoteGlobalIDString = 6ACACE901565921E00933197;
			remoteInfo = Queue;
		};
/* End PBXContainerItemProxy section */

/* Begin PBXFileReference section */
		6ACACE911565921E00933197 /* Queue.app */ = {isa = PBXFileReference; explicitFileType = wrapper.application; includeInIndex = 0; path = Queue.app; sourceTree = BUILT_PRODUCTS_DIR; };
		6ACACE951565921E00933197 /* UIKit.framework */ = {isa = PBXFileReference; lastKnownFileType = wrapper.framework; name = UIKit.framework; path = System/Library/Frameworks/UIKit.framework; sourceTree = SDKROOT; };
		6ACACE971565921E00933197 /* Foundation.framework */ = {isa = PBXFileReference; lastKnownFileType = wrapper.framework; name = Foundation.framework; path = System/Library/Frameworks/Foundation.framework; sourceTree = SDKROOT; };
		6ACACE991565921E00933197 /* CoreGraphics.framework */ = {isa = PBXFileReference; lastKnownFileType = wrapper.framework; name = CoreGraphics.framework; path = System/Library/Frameworks/CoreGraphics.framework; sourceTree = SDKROOT; };
		6ACACE9D1565921E00933197 /* Queue-Info.plist */ = {isa = PBXFileReference; lastKnownFileType = text.plist.xml; path = "Queue-Info.plist"; sourceTree = "<group>"; };
		6ACACE9F1565921E00933197 /* en */ = {isa = PBXFileReference; lastKnownFileType = text.plist.strings; name = en; path = en.lproj/InfoPlist.strings; sourceTree = "<group>"; };
		6ACACEA11565921E00933197 /* main.m */ = {isa = PBXFileReference; lastKnownFileType = sourcecode.c.objc; path = main.m; sourceTree = "<group>"; };
		6ACACEA31565921E00933197 /* Queue-Prefix.pch */ = {isa = PBXFileReference; lastKnownFileType = sourcecode.c.h; path = "Queue-Prefix.pch"; sourceTree = "<group>"; };
		6ACACEA41565921E00933197 /* AppDelegate.h */ = {isa = PBXFileReference; lastKnownFileType = sourcecode.c.h; path = AppDelegate.h; sourceTree = "<group>"; };
		6ACACEA51565921E00933197 /* AppDelegate.m */ = {isa = PBXFileReference; lastKnownFileType = sourcecode.c.objc; path = AppDelegate.m; sourceTree = "<group>"; };
		6ACACEAC1565921E00933197 /* QueueTests.octest */ = {isa = PBXFileReference; explicitFileType = wrapper.cfbundle; includeInIndex = 0; path = QueueTests.octest; sourceTree = BUILT_PRODUCTS_DIR; };
		6ACACEAD1565921E00933197 /* SenTestingKit.framework */ = {isa = PBXFileReference; lastKnownFileType = wrapper.framework; name = SenTestingKit.framework; path = Library/Frameworks/SenTestingKit.framework; sourceTree = DEVELOPER_DIR; };
		6ACACEB51565921E00933197 /* QueueTests-Info.plist */ = {isa = PBXFileReference; lastKnownFileType = text.plist.xml; path = "QueueTests-Info.plist"; sourceTree = "<group>"; };
		6ACACEB71565921E00933197 /* en */ = {isa = PBXFileReference; lastKnownFileType = text.plist.strings; name = en; path = en.lproj/InfoPlist.strings; sourceTree = "<group>"; };
		6ACACEB91565921E00933197 /* QueueTests.h */ = {isa = PBXFileReference; lastKnownFileType = sourcecode.c.h; path = QueueTests.h; sourceTree = "<group>"; };
		6ACACEBA1565921E00933197 /* QueueTests.m */ = {isa = PBXFileReference; lastKnownFileType = sourcecode.c.objc; path = QueueTests.m; sourceTree = "<group>"; };
		6ACACEC41565923B00933197 /* DCQueue.h */ = {isa = PBXFileReference; fileEncoding = 4; lastKnownFileType = sourcecode.c.h; path = DCQueue.h; sourceTree = "<group>"; };
		6ACACEC51565923B00933197 /* DCQueue.m */ = {isa = PBXFileReference; fileEncoding = 4; lastKnownFileType = sourcecode.c.objc; path = DCQueue.m; sourceTree = "<group>"; };
/* End PBXFileReference section */

/* Begin PBXFrameworksBuildPhase section */
		6ACACE8E1565921E00933197 /* Frameworks */ = {
			isa = PBXFrameworksBuildPhase;
			buildActionMask = 2147483647;
			files = (
				6ACACE961565921E00933197 /* UIKit.framework in Frameworks */,
				6ACACE981565921E00933197 /* Foundation.framework in Frameworks */,
				6ACACE9A1565921E00933197 /* CoreGraphics.framework in Frameworks */,
			);
			runOnlyForDeploymentPostprocessing = 0;
		};
		6ACACEA81565921E00933197 /* Frameworks */ = {
			isa = PBXFrameworksBuildPhase;
			buildActionMask = 2147483647;
			files = (
				6ACACEAE1565921E00933197 /* SenTestingKit.framework in Frameworks */,
				6ACACEAF1565921E00933197 /* UIKit.framework in Frameworks */,
				6ACACEB01565921E00933197 /* Foundation.framework in Frameworks */,
			);
			runOnlyForDeploymentPostprocessing = 0;
		};
/* End PBXFrameworksBuildPhase section */

/* Begin PBXGroup section */
		6ACACE861565921E00933197 = {
			isa = PBXGroup;
			children = (
				6ACACE9B1565921E00933197 /* Queue */,
				6ACACEB31565921E00933197 /* QueueTests */,
				6ACACE941565921E00933197 /* Frameworks */,
				6ACACE921565921E00933197 /* Products */,
			);
			sourceTree = "<group>";
		};
		6ACACE921565921E00933197 /* Products */ = {
			isa = PBXGroup;
			children = (
				6ACACE911565921E00933197 /* Queue.app */,
				6ACACEAC1565921E00933197 /* QueueTests.octest */,
			);
			name = Products;
			sourceTree = "<group>";
		};
		6ACACE941565921E00933197 /* Frameworks */ = {
			isa = PBXGroup;
			children = (
				6ACACE951565921E00933197 /* UIKit.framework */,
				6ACACE971565921E00933197 /* Foundation.framework */,
				6ACACE991565921E00933197 /* CoreGraphics.framework */,
				6ACACEAD1565921E00933197 /* SenTestingKit.framework */,
			);
			name = Frameworks;
			sourceTree = "<group>";
		};
		6ACACE9B1565921E00933197 /* Queue */ = {
			isa = PBXGroup;
			children = (
				6ACACEA41565921E00933197 /* AppDelegate.h */,
				6ACACEA51565921E00933197 /* AppDelegate.m */,
				6ACACEC41565923B00933197 /* DCQueue.h */,
				6ACACEC51565923B00933197 /* DCQueue.m */,
				6ACACE9C1565921E00933197 /* Supporting Files */,
			);
			path = Queue;
			sourceTree = "<group>";
		};
		6ACACE9C1565921E00933197 /* Supporting Files */ = {
			isa = PBXGroup;
			children = (
				6ACACE9D1565921E00933197 /* Queue-Info.plist */,
				6ACACE9E1565921E00933197 /* InfoPlist.strings */,
				6ACACEA11565921E00933197 /* main.m */,
				6ACACEA31565921E00933197 /* Queue-Prefix.pch */,
			);
			name = "Supporting Files";
			sourceTree = "<group>";
		};
		6ACACEB31565921E00933197 /* QueueTests */ = {
			isa = PBXGroup;
			children = (
				6ACACEB91565921E00933197 /* QueueTests.h */,
				6ACACEBA1565921E00933197 /* QueueTests.m */,
				6ACACEB41565921E00933197 /* Supporting Files */,
			);
			path = QueueTests;
			sourceTree = "<group>";
		};
		6ACACEB41565921E00933197 /* Supporting Files */ = {
			isa = PBXGroup;
			children = (
				6ACACEB51565921E00933197 /* QueueTests-Info.plist */,
				6ACACEB61565921E00933197 /* InfoPlist.strings */,
			);
			name = "Supporting Files";
			sourceTree = "<group>";
		};
/* End PBXGroup section */

/* Begin PBXNativeTarget section */
		6ACACE901565921E00933197 /* Queue */ = {
			isa = PBXNativeTarget;
			buildConfigurationList = 6ACACEBE1565921E00933197 /* Build configuration list for PBXNativeTarget "Queue" */;
			buildPhases = (
				6ACACE8D1565921E00933197 /* Sources */,
				6ACACE8E1565921E00933197 /* Frameworks */,
				6ACACE8F1565921E00933197 /* Resources */,
			);
			buildRules = (
			);
			dependencies = (
			);
			name = Queue;
			productName = Queue;
			productReference = 6ACACE911565921E00933197 /* Queue.app */;
			productType = "com.apple.product-type.application";
		};
		6ACACEAB1565921E00933197 /* QueueTests */ = {
			isa = PBXNativeTarget;
			buildConfigurationList = 6ACACEC11565921E00933197 /* Build configuration list for PBXNativeTarget "QueueTests" */;
			buildPhases = (
				6ACACEA71565921E00933197 /* Sources */,
				6ACACEA81565921E00933197 /* Frameworks */,
				6ACACEA91565921E00933197 /* Resources */,
				6ACACEAA1565921E00933197 /* ShellScript */,
			);
			buildRules = (
			);
			dependencies = (
				6ACACEB21565921E00933197 /* PBXTargetDependency */,
			);
			name = QueueTests;
			productName = QueueTests;
			productReference = 6ACACEAC1565921E00933197 /* QueueTests.octest */;
			productType = "com.apple.product-type.bundle";
		};
/* End PBXNativeTarget section */

/* Begin PBXProject section */
		6ACACE881565921E00933197 /* Project object */ = {
			isa = PBXProject;
			attributes = {
				LastUpgradeCheck = 0430;
				ORGANIZATIONNAME = "Cawthron Consulting Services, Inc.";
			};
			buildConfigurationList = 6ACACE8B1565921E00933197 /* Build configuration list for PBXProject "Queue" */;
			compatibilityVersion = "Xcode 3.2";
			developmentRegion = English;
			hasScannedForEncodings = 0;
			knownRegions = (
				en,
			);
			mainGroup = 6ACACE861565921E00933197;
			productRefGroup = 6ACACE921565921E00933197 /* Products */;
			projectDirPath = "";
			projectRoot = "";
			targets = (
				6ACACE901565921E00933197 /* Queue */,
				6ACACEAB1565921E00933197 /* QueueTests */,
			);
		};
/* End PBXProject section */

/* Begin PBXResourcesBuildPhase section */
		6ACACE8F1565921E00933197 /* Resources */ = {
			isa = PBXResourcesBuildPhase;
			buildActionMask = 2147483647;
			files = (
				6ACACEA01565921E00933197 /* InfoPlist.strings in Resources */,
			);
			runOnlyForDeploymentPostprocessing = 0;
		};
		6ACACEA91565921E00933197 /* Resources */ = {
			isa = PBXResourcesBuildPhase;
			buildActionMask = 2147483647;
			files = (
				6ACACEB81565921E00933197 /* InfoPlist.strings in Resources */,
			);
			runOnlyForDeploymentPostprocessing = 0;
		};
/* End PBXResourcesBuildPhase section */

/* Begin PBXShellScriptBuildPhase section */
		6ACACEAA1565921E00933197 /* ShellScript */ = {
			isa = PBXShellScriptBuildPhase;
			buildActionMask = 2147483647;
			files = (
			);
			inputPaths = (
			);
			outputPaths = (
			);
			runOnlyForDeploymentPostprocessing = 0;
			shellPath = /bin/sh;
			shellScript = "# Run the unit tests in this test bundle.\n\"${SYSTEM_DEVELOPER_DIR}/Tools/RunUnitTests\"\n";
		};
/* End PBXShellScriptBuildPhase section */

/* Begin PBXSourcesBuildPhase section */
		6ACACE8D1565921E00933197 /* Sources */ = {
			isa = PBXSourcesBuildPhase;
			buildActionMask = 2147483647;
			files = (
				6ACACEA21565921E00933197 /* main.m in Sources */,
				6ACACEA61565921E00933197 /* AppDelegate.m in Sources */,
				6ACACEC61565923B00933197 /* DCQueue.m in Sources */,
			);
			runOnlyForDeploymentPostprocessing = 0;
		};
		6ACACEA71565921E00933197 /* Sources */ = {
			isa = PBXSourcesBuildPhase;
			buildActionMask = 2147483647;
			files = (
				6ACACEBB1565921E00933197 /* QueueTests.m in Sources */,
			);
			runOnlyForDeploymentPostprocessing = 0;
		};
/* End PBXSourcesBuildPhase section */

/* Begin PBXTargetDependency section */
		6ACACEB21565921E00933197 /* PBXTargetDependency */ = {
			isa = PBXTargetDependency;
			target = 6ACACE901565921E00933197 /* Queue */;
			targetProxy = 6ACACEB11565921E00933197 /* PBXContainerItemProxy */;
		};
/* End PBXTargetDependency section */

/* Begin PBXVariantGroup section */
		6ACACE9E1565921E00933197 /* InfoPlist.strings */ = {
			isa = PBXVariantGroup;
			children = (
				6ACACE9F1565921E00933197 /* en */,
			);
			name = InfoPlist.strings;
			sourceTree = "<group>";
		};
		6ACACEB61565921E00933197 /* InfoPlist.strings */ = {
			isa = PBXVariantGroup;
			children = (
				6ACACEB71565921E00933197 /* en */,
			);
			name = InfoPlist.strings;
			sourceTree = "<group>";
		};
/* End PBXVariantGroup section */

/* Begin XCBuildConfiguration section */
		6ACACEBC1565921E00933197 /* Debug */ = {
			isa = XCBuildConfiguration;
			buildSettings = {
				ALWAYS_SEARCH_USER_PATHS = NO;
				ARCHS = "$(ARCHS_STANDARD_32_BIT)";
				CLANG_ENABLE_OBJC_ARC = YES;
				"CODE_SIGN_IDENTITY[sdk=iphoneos*]" = "iPhone Developer";
				COPY_PHASE_STRIP = NO;
				GCC_C_LANGUAGE_STANDARD = gnu99;
				GCC_DYNAMIC_NO_PIC = NO;
				GCC_OPTIMIZATION_LEVEL = 0;
				GCC_PREPROCESSOR_DEFINITIONS = (
					"DEBUG=1",
					"$(inherited)",
				);
				GCC_SYMBOLS_PRIVATE_EXTERN = NO;
				GCC_VERSION = com.apple.compilers.llvm.clang.1_0;
				GCC_WARN_ABOUT_RETURN_TYPE = YES;
				GCC_WARN_UNINITIALIZED_AUTOS = YES;
				GCC_WARN_UNUSED_VARIABLE = YES;
				IPHONEOS_DEPLOYMENT_TARGET = 5.1;
				SDKROOT = iphoneos;
			};
			name = Debug;
		};
		6ACACEBD1565921E00933197 /* Release */ = {
			isa = XCBuildConfiguration;
			buildSettings = {
				ALWAYS_SEARCH_USER_PATHS = NO;
				ARCHS = "$(ARCHS_STANDARD_32_BIT)";
				CLANG_ENABLE_OBJC_ARC = YES;
				"CODE_SIGN_IDENTITY[sdk=iphoneos*]" = "iPhone Developer";
				COPY_PHASE_STRIP = YES;
				GCC_C_LANGUAGE_STANDARD = gnu99;
				GCC_VERSION = com.apple.compilers.llvm.clang.1_0;
				GCC_WARN_ABOUT_RETURN_TYPE = YES;
				GCC_WARN_UNINITIALIZED_AUTOS = YES;
				GCC_WARN_UNUSED_VARIABLE = YES;
				IPHONEOS_DEPLOYMENT_TARGET = 5.1;
				OTHER_CFLAGS = "-DNS_BLOCK_ASSERTIONS=1";
				SDKROOT = iphoneos;
				VALIDATE_PRODUCT = YES;
			};
			name = Release;
		};
		6ACACEBF1565921E00933197 /* Debug */ = {
			isa = XCBuildConfiguration;
			buildSettings = {
				GCC_PRECOMPILE_PREFIX_HEADER = YES;
				GCC_PREFIX_HEADER = "Queue/Queue-Prefix.pch";
				INFOPLIST_FILE = "Queue/Queue-Info.plist";
				PRODUCT_NAME = "$(TARGET_NAME)";
				WRAPPER_EXTENSION = app;
			};
			name = Debug;
		};
		6ACACEC01565921E00933197 /* Release */ = {
			isa = XCBuildConfiguration;
			buildSettings = {
				GCC_PRECOMPILE_PREFIX_HEADER = YES;
				GCC_PREFIX_HEADER = "Queue/Queue-Prefix.pch";
				INFOPLIST_FILE = "Queue/Queue-Info.plist";
				PRODUCT_NAME = "$(TARGET_NAME)";
				WRAPPER_EXTENSION = app;
			};
			name = Release;
		};
		6ACACEC21565921E00933197 /* Debug */ = {
			isa = XCBuildConfiguration;
			buildSettings = {
				BUNDLE_LOADER = "$(BUILT_PRODUCTS_DIR)/Queue.app/Queue";
				FRAMEWORK_SEARCH_PATHS = (
					"$(SDKROOT)/Developer/Library/Frameworks",
					"$(DEVELOPER_LIBRARY_DIR)/Frameworks",
				);
				GCC_PRECOMPILE_PREFIX_HEADER = YES;
				GCC_PREFIX_HEADER = "Queue/Queue-Prefix.pch";
				INFOPLIST_FILE = "QueueTests/QueueTests-Info.plist";
				PRODUCT_NAME = "$(TARGET_NAME)";
				TEST_HOST = "$(BUNDLE_LOADER)";
				WRAPPER_EXTENSION = octest;
			};
			name = Debug;
		};
		6ACACEC31565921E00933197 /* Release */ = {
			isa = XCBuildConfiguration;
			buildSettings = {
				BUNDLE_LOADER = "$(BUILT_PRODUCTS_DIR)/Queue.app/Queue";
				FRAMEWORK_SEARCH_PATHS = (
					"$(SDKROOT)/Developer/Library/Frameworks",
					"$(DEVELOPER_LIBRARY_DIR)/Frameworks",
				);
				GCC_PRECOMPILE_PREFIX_HEADER = YES;
				GCC_PREFIX_HEADER = "Queue/Queue-Prefix.pch";
				INFOPLIST_FILE = "QueueTests/QueueTests-Info.plist";
				PRODUCT_NAME = "$(TARGET_NAME)";
				TEST_HOST = "$(BUNDLE_LOADER)";
				WRAPPER_EXTENSION = octest;
			};
			name = Release;
		};
/* End XCBuildConfiguration section */

/* Begin XCConfigurationList section */
		6ACACE8B1565921E00933197 /* Build configuration list for PBXProject "Queue" */ = {
			isa = XCConfigurationList;
			buildConfigurations = (
				6ACACEBC1565921E00933197 /* Debug */,
				6ACACEBD1565921E00933197 /* Release */,
			);
			defaultConfigurationIsVisible = 0;
			defaultConfigurationName = Release;
		};
		6ACACEBE1565921E00933197 /* Build configuration list for PBXNativeTarget "Queue" */ = {
			isa = XCConfigurationList;
			buildConfigurations = (
				6ACACEBF1565921E00933197 /* Debug */,
				6ACACEC01565921E00933197 /* Release */,
			);
			defaultConfigurationIsVisible = 0;
		};
		6ACACEC11565921E00933197 /* Build configuration list for PBXNativeTarget "QueueTests" */ = {
			isa = XCConfigurationList;
			buildConfigurations = (
				6ACACEC21565921E00933197 /* Debug */,
				6ACACEC31565921E00933197 /* Release */,
			);
			defaultConfigurationIsVisible = 0;
		};
/* End XCConfigurationList section */
	};
	rootObject = 6ACACE881565921E00933197 /* Project object */;
}
