// !$*UTF8*$!
{
	archiveVersion = 1;
	classes = {
	};
	objectVersion = 46;
	objects = {

/* Begin PBXBuildFile section */
		6A0DA00014B10BE8001B2524 /* UIKit.framework in Frameworks */ = {isa = PBXBuildFile; fileRef = 6A0D9FFF14B10BE8001B2524 /* UIKit.framework */; };
		6A0DA00214B10BE8001B2524 /* Foundation.framework in Frameworks */ = {isa = PBXBuildFile; fileRef = 6A0DA00114B10BE8001B2524 /* Foundation.framework */; };
		6A0DA00414B10BE8001B2524 /* CoreGraphics.framework in Frameworks */ = {isa = PBXBuildFile; fileRef = 6A0DA00314B10BE8001B2524 /* CoreGraphics.framework */; };
		6A0DA00A14B10BE8001B2524 /* InfoPlist.strings in Resources */ = {isa = PBXBuildFile; fileRef = 6A0DA00814B10BE8001B2524 /* InfoPlist.strings */; };
		6A0DA00C14B10BE8001B2524 /* main.m in Sources */ = {isa = PBXBuildFile; fileRef = 6A0DA00B14B10BE8001B2524 /* main.m */; };
		6A0DA01014B10BE8001B2524 /* PsychologistAppDelegate.m in Sources */ = {isa = PBXBuildFile; fileRef = 6A0DA00F14B10BE8001B2524 /* PsychologistAppDelegate.m */; };
		6A0DA01314B10BE8001B2524 /* MainStoryboard.storyboard in Resources */ = {isa = PBXBuildFile; fileRef = 6A0DA01114B10BE8001B2524 /* MainStoryboard.storyboard */; };
		6A0DA01614B10BE8001B2524 /* PsychologistViewController.m in Sources */ = {isa = PBXBuildFile; fileRef = 6A0DA01514B10BE8001B2524 /* PsychologistViewController.m */; };
		6A3CCDFE14B1F8DE00BC6CD6 /* FaceView.m in Sources */ = {isa = PBXBuildFile; fileRef = 6A3CCDFB14B1F8DE00BC6CD6 /* FaceView.m */; };
		6A3CCDFF14B1F8DE00BC6CD6 /* HappinessViewController.m in Sources */ = {isa = PBXBuildFile; fileRef = 6A3CCDFD14B1F8DE00BC6CD6 /* HappinessViewController.m */; };
		6A9CC35B14B4A7C9005127B0 /* DrPillWebsiteViewController.m in Sources */ = {isa = PBXBuildFile; fileRef = 6A9CC35A14B4A7C9005127B0 /* DrPillWebsiteViewController.m */; };
/* End PBXBuildFile section */

/* Begin PBXFileReference section */
		6A0D9FFB14B10BE8001B2524 /* Psychologist.app */ = {isa = PBXFileReference; explicitFileType = wrapper.application; includeInIndex = 0; path = Psychologist.app; sourceTree = BUILT_PRODUCTS_DIR; };
		6A0D9FFF14B10BE8001B2524 /* UIKit.framework */ = {isa = PBXFileReference; lastKnownFileType = wrapper.framework; name = UIKit.framework; path = System/Library/Frameworks/UIKit.framework; sourceTree = SDKROOT; };
		6A0DA00114B10BE8001B2524 /* Foundation.framework */ = {isa = PBXFileReference; lastKnownFileType = wrapper.framework; name = Foundation.framework; path = System/Library/Frameworks/Foundation.framework; sourceTree = SDKROOT; };
		6A0DA00314B10BE8001B2524 /* CoreGraphics.framework */ = {isa = PBXFileReference; lastKnownFileType = wrapper.framework; name = CoreGraphics.framework; path = System/Library/Frameworks/CoreGraphics.framework; sourceTree = SDKROOT; };
		6A0DA00714B10BE8001B2524 /* Psychologist-Info.plist */ = {isa = PBXFileReference; lastKnownFileType = text.plist.xml; path = "Psychologist-Info.plist"; sourceTree = "<group>"; };
		6A0DA00914B10BE8001B2524 /* en */ = {isa = PBXFileReference; lastKnownFileType = text.plist.strings; name = en; path = en.lproj/InfoPlist.strings; sourceTree = "<group>"; };
		6A0DA00B14B10BE8001B2524 /* main.m */ = {isa = PBXFileReference; lastKnownFileType = sourcecode.c.objc; path = main.m; sourceTree = "<group>"; };
		6A0DA00D14B10BE8001B2524 /* Psychologist-Prefix.pch */ = {isa = PBXFileReference; lastKnownFileType = sourcecode.c.h; path = "Psychologist-Prefix.pch"; sourceTree = "<group>"; };
		6A0DA00E14B10BE8001B2524 /* PsychologistAppDelegate.h */ = {isa = PBXFileReference; lastKnownFileType = sourcecode.c.h; path = PsychologistAppDelegate.h; sourceTree = "<group>"; };
		6A0DA00F14B10BE8001B2524 /* PsychologistAppDelegate.m */ = {isa = PBXFileReference; lastKnownFileType = sourcecode.c.objc; path = PsychologistAppDelegate.m; sourceTree = "<group>"; };
		6A0DA01214B10BE8001B2524 /* en */ = {isa = PBXFileReference; lastKnownFileType = file.storyboard; name = en; path = en.lproj/MainStoryboard.storyboard; sourceTree = "<group>"; };
		6A0DA01414B10BE8001B2524 /* PsychologistViewController.h */ = {isa = PBXFileReference; lastKnownFileType = sourcecode.c.h; path = PsychologistViewController.h; sourceTree = "<group>"; };
		6A0DA01514B10BE8001B2524 /* PsychologistViewController.m */ = {isa = PBXFileReference; lastKnownFileType = sourcecode.c.objc; path = PsychologistViewController.m; sourceTree = "<group>"; };
		6A3CCDFA14B1F8DE00BC6CD6 /* FaceView.h */ = {isa = PBXFileReference; fileEncoding = 4; lastKnownFileType = sourcecode.c.h; path = FaceView.h; sourceTree = "<group>"; };
		6A3CCDFB14B1F8DE00BC6CD6 /* FaceView.m */ = {isa = PBXFileReference; fileEncoding = 4; lastKnownFileType = sourcecode.c.objc; path = FaceView.m; sourceTree = "<group>"; };
		6A3CCDFC14B1F8DE00BC6CD6 /* HappinessViewController.h */ = {isa = PBXFileReference; fileEncoding = 4; lastKnownFileType = sourcecode.c.h; path = HappinessViewController.h; sourceTree = "<group>"; };
		6A3CCDFD14B1F8DE00BC6CD6 /* HappinessViewController.m */ = {isa = PBXFileReference; fileEncoding = 4; lastKnownFileType = sourcecode.c.objc; path = HappinessViewController.m; sourceTree = "<group>"; };
		6A9CC35914B4A7C9005127B0 /* DrPillWebsiteViewController.h */ = {isa = PBXFileReference; fileEncoding = 4; lastKnownFileType = sourcecode.c.h; path = DrPillWebsiteViewController.h; sourceTree = "<group>"; };
		6A9CC35A14B4A7C9005127B0 /* DrPillWebsiteViewController.m */ = {isa = PBXFileReference; fileEncoding = 4; lastKnownFileType = sourcecode.c.objc; path = DrPillWebsiteViewController.m; sourceTree = "<group>"; };
/* End PBXFileReference section */

/* Begin PBXFrameworksBuildPhase section */
		6A0D9FF814B10BE8001B2524 /* Frameworks */ = {
			isa = PBXFrameworksBuildPhase;
			buildActionMask = 2147483647;
			files = (
				6A0DA00014B10BE8001B2524 /* UIKit.framework in Frameworks */,
				6A0DA00214B10BE8001B2524 /* Foundation.framework in Frameworks */,
				6A0DA00414B10BE8001B2524 /* CoreGraphics.framework in Frameworks */,
			);
			runOnlyForDeploymentPostprocessing = 0;
		};
/* End PBXFrameworksBuildPhase section */

/* Begin PBXGroup section */
		6A0D9FF014B10BE8001B2524 = {
			isa = PBXGroup;
			children = (
				6A0DA00514B10BE8001B2524 /* Psychologist */,
				6A0D9FFE14B10BE8001B2524 /* Frameworks */,
				6A0D9FFC14B10BE8001B2524 /* Products */,
			);
			sourceTree = "<group>";
		};
		6A0D9FFC14B10BE8001B2524 /* Products */ = {
			isa = PBXGroup;
			children = (
				6A0D9FFB14B10BE8001B2524 /* Psychologist.app */,
			);
			name = Products;
			sourceTree = "<group>";
		};
		6A0D9FFE14B10BE8001B2524 /* Frameworks */ = {
			isa = PBXGroup;
			children = (
				6A0D9FFF14B10BE8001B2524 /* UIKit.framework */,
				6A0DA00114B10BE8001B2524 /* Foundation.framework */,
				6A0DA00314B10BE8001B2524 /* CoreGraphics.framework */,
			);
			name = Frameworks;
			sourceTree = "<group>";
		};
		6A0DA00514B10BE8001B2524 /* Psychologist */ = {
			isa = PBXGroup;
			children = (
				6A9CC35914B4A7C9005127B0 /* DrPillWebsiteViewController.h */,
				6A9CC35A14B4A7C9005127B0 /* DrPillWebsiteViewController.m */,
				6A0DA00E14B10BE8001B2524 /* PsychologistAppDelegate.h */,
				6A0DA00F14B10BE8001B2524 /* PsychologistAppDelegate.m */,
				6A3CCDFA14B1F8DE00BC6CD6 /* FaceView.h */,
				6A3CCDFB14B1F8DE00BC6CD6 /* FaceView.m */,
				6A3CCDFC14B1F8DE00BC6CD6 /* HappinessViewController.h */,
				6A3CCDFD14B1F8DE00BC6CD6 /* HappinessViewController.m */,
				6A0DA01114B10BE8001B2524 /* MainStoryboard.storyboard */,
				6A0DA01414B10BE8001B2524 /* PsychologistViewController.h */,
				6A0DA01514B10BE8001B2524 /* PsychologistViewController.m */,
				6A0DA00614B10BE8001B2524 /* Supporting Files */,
			);
			path = Psychologist;
			sourceTree = "<group>";
		};
		6A0DA00614B10BE8001B2524 /* Supporting Files */ = {
			isa = PBXGroup;
			children = (
				6A0DA00714B10BE8001B2524 /* Psychologist-Info.plist */,
				6A0DA00814B10BE8001B2524 /* InfoPlist.strings */,
				6A0DA00B14B10BE8001B2524 /* main.m */,
				6A0DA00D14B10BE8001B2524 /* Psychologist-Prefix.pch */,
			);
			name = "Supporting Files";
			sourceTree = "<group>";
		};
/* End PBXGroup section */

/* Begin PBXNativeTarget section */
		6A0D9FFA14B10BE8001B2524 /* Psychologist */ = {
			isa = PBXNativeTarget;
			buildConfigurationList = 6A0DA01914B10BE8001B2524 /* Build configuration list for PBXNativeTarget "Psychologist" */;
			buildPhases = (
				6A0D9FF714B10BE8001B2524 /* Sources */,
				6A0D9FF814B10BE8001B2524 /* Frameworks */,
				6A0D9FF914B10BE8001B2524 /* Resources */,
			);
			buildRules = (
			);
			dependencies = (
			);
			name = Psychologist;
			productName = Psychologist;
			productReference = 6A0D9FFB14B10BE8001B2524 /* Psychologist.app */;
			productType = "com.apple.product-type.application";
		};
/* End PBXNativeTarget section */

/* Begin PBXProject section */
		6A0D9FF214B10BE8001B2524 /* Project object */ = {
			isa = PBXProject;
			attributes = {
				LastUpgradeCheck = 0420;
			};
			buildConfigurationList = 6A0D9FF514B10BE8001B2524 /* Build configuration list for PBXProject "Psychologist" */;
			compatibilityVersion = "Xcode 3.2";
			developmentRegion = English;
			hasScannedForEncodings = 0;
			knownRegions = (
				en,
			);
			mainGroup = 6A0D9FF014B10BE8001B2524;
			productRefGroup = 6A0D9FFC14B10BE8001B2524 /* Products */;
			projectDirPath = "";
			projectRoot = "";
			targets = (
				6A0D9FFA14B10BE8001B2524 /* Psychologist */,
			);
		};
/* End PBXProject section */

/* Begin PBXResourcesBuildPhase section */
		6A0D9FF914B10BE8001B2524 /* Resources */ = {
			isa = PBXResourcesBuildPhase;
			buildActionMask = 2147483647;
			files = (
				6A0DA00A14B10BE8001B2524 /* InfoPlist.strings in Resources */,
				6A0DA01314B10BE8001B2524 /* MainStoryboard.storyboard in Resources */,
			);
			runOnlyForDeploymentPostprocessing = 0;
		};
/* End PBXResourcesBuildPhase section */

/* Begin PBXSourcesBuildPhase section */
		6A0D9FF714B10BE8001B2524 /* Sources */ = {
			isa = PBXSourcesBuildPhase;
			buildActionMask = 2147483647;
			files = (
				6A0DA00C14B10BE8001B2524 /* main.m in Sources */,
				6A0DA01014B10BE8001B2524 /* PsychologistAppDelegate.m in Sources */,
				6A0DA01614B10BE8001B2524 /* PsychologistViewController.m in Sources */,
				6A3CCDFE14B1F8DE00BC6CD6 /* FaceView.m in Sources */,
				6A3CCDFF14B1F8DE00BC6CD6 /* HappinessViewController.m in Sources */,
				6A9CC35B14B4A7C9005127B0 /* DrPillWebsiteViewController.m in Sources */,
			);
			runOnlyForDeploymentPostprocessing = 0;
		};
/* End PBXSourcesBuildPhase section */

/* Begin PBXVariantGroup section */
		6A0DA00814B10BE8001B2524 /* InfoPlist.strings */ = {
			isa = PBXVariantGroup;
			children = (
				6A0DA00914B10BE8001B2524 /* en */,
			);
			name = InfoPlist.strings;
			sourceTree = "<group>";
		};
		6A0DA01114B10BE8001B2524 /* MainStoryboard.storyboard */ = {
			isa = PBXVariantGroup;
			children = (
				6A0DA01214B10BE8001B2524 /* en */,
			);
			name = MainStoryboard.storyboard;
			sourceTree = "<group>";
		};
/* End PBXVariantGroup section */

/* Begin XCBuildConfiguration section */
		6A0DA01714B10BE8001B2524 /* Debug */ = {
			isa = XCBuildConfiguration;
			buildSettings = {
				ALWAYS_SEARCH_USER_PATHS = NO;
				ARCHS = "$(ARCHS_STANDARD_32_BIT)";
				CLANG_ENABLE_OBJC_ARC = YES;
				"CODE_SIGN_IDENTITY[sdk=iphoneos*]" = "iPhone Developer";
				COPY_PHASE_STRIP = NO;
				GCC_C_LANGUAGE_STANDARD = gnu99;
				GCC_DYNAMIC_NO_PIC = NO;
				GCC_OPTIMIZATION_LEVEL = 0;
				GCC_PREPROCESSOR_DEFINITIONS = (
					"DEBUG=1",
					"$(inherited)",
				);
				GCC_SYMBOLS_PRIVATE_EXTERN = NO;
				GCC_VERSION = com.apple.compilers.llvm.clang.1_0;
				GCC_WARN_ABOUT_MISSING_PROTOTYPES = YES;
				GCC_WARN_ABOUT_RETURN_TYPE = YES;
				GCC_WARN_UNUSED_VARIABLE = YES;
				IPHONEOS_DEPLOYMENT_TARGET = 5.0;
				SDKROOT = iphoneos;
			};
			name = Debug;
		};
		6A0DA01814B10BE8001B2524 /* Release */ = {
			isa = XCBuildConfiguration;
			buildSettings = {
				ALWAYS_SEARCH_USER_PATHS = NO;
				ARCHS = "$(ARCHS_STANDARD_32_BIT)";
				CLANG_ENABLE_OBJC_ARC = YES;
				"CODE_SIGN_IDENTITY[sdk=iphoneos*]" = "iPhone Developer";
				COPY_PHASE_STRIP = YES;
				GCC_C_LANGUAGE_STANDARD = gnu99;
				GCC_VERSION = com.apple.compilers.llvm.clang.1_0;
				GCC_WARN_ABOUT_MISSING_PROTOTYPES = YES;
				GCC_WARN_ABOUT_RETURN_TYPE = YES;
				GCC_WARN_UNUSED_VARIABLE = YES;
				IPHONEOS_DEPLOYMENT_TARGET = 5.0;
				OTHER_CFLAGS = "-DNS_BLOCK_ASSERTIONS=1";
				SDKROOT = iphoneos;
				VALIDATE_PRODUCT = YES;
			};
			name = Release;
		};
		6A0DA01A14B10BE8001B2524 /* Debug */ = {
			isa = XCBuildConfiguration;
			buildSettings = {
				GCC_PRECOMPILE_PREFIX_HEADER = YES;
				GCC_PREFIX_HEADER = "Psychologist/Psychologist-Prefix.pch";
				INFOPLIST_FILE = "Psychologist/Psychologist-Info.plist";
				PRODUCT_NAME = "$(TARGET_NAME)";
				WRAPPER_EXTENSION = app;
			};
			name = Debug;
		};
		6A0DA01B14B10BE8001B2524 /* Release */ = {
			isa = XCBuildConfiguration;
			buildSettings = {
				GCC_PRECOMPILE_PREFIX_HEADER = YES;
				GCC_PREFIX_HEADER = "Psychologist/Psychologist-Prefix.pch";
				INFOPLIST_FILE = "Psychologist/Psychologist-Info.plist";
				PRODUCT_NAME = "$(TARGET_NAME)";
				WRAPPER_EXTENSION = app;
			};
			name = Release;
		};
/* End XCBuildConfiguration section */

/* Begin XCConfigurationList section */
		6A0D9FF514B10BE8001B2524 /* Build configuration list for PBXProject "Psychologist" */ = {
			isa = XCConfigurationList;
			buildConfigurations = (
				6A0DA01714B10BE8001B2524 /* Debug */,
				6A0DA01814B10BE8001B2524 /* Release */,
			);
			defaultConfigurationIsVisible = 0;
			defaultConfigurationName = Release;
		};
		6A0DA01914B10BE8001B2524 /* Build configuration list for PBXNativeTarget "Psychologist" */ = {
			isa = XCConfigurationList;
			buildConfigurations = (
				6A0DA01A14B10BE8001B2524 /* Debug */,
				6A0DA01B14B10BE8001B2524 /* Release */,
			);
			defaultConfigurationIsVisible = 0;
			defaultConfigurationName = Release;
		};
/* End XCConfigurationList section */
	};
	rootObject = 6A0D9FF214B10BE8001B2524 /* Project object */;
}
